
Microsoft Visual Studio Solution File, Format Version 12.00
# Visual Studio Version 17
VisualStudioVersion = 17.10.35027.167
MinimumVisualStudioVersion = 10.0.40219.1
Project("{FAE04EC0-301F-11D3-BF4B-00C04F79EFBC}") = "FacadeHotels", "FacadeHotels.csproj", "{4FF72B2E-61D2-422B-8C1D-5E354A3D8CEE}"
EndProject
Global
	GlobalSection(SolutionConfigurationPlatforms) = preSolution
		Debug|Any CPU = Debug|Any CPU
		Release|Any CPU = Release|Any CPU
	EndGlobalSection
	GlobalSection(ProjectConfigurationPlatforms) = postSolution
		{4FF72B2E-61D2-422B-8C1D-5E354A3D8CEE}.Debug|Any CPU.ActiveCfg = Debug|Any CPU
		{4FF72B2E-61D2-422B-8C1D-5E354A3D8CEE}.Debug|Any CPU.Build.0 = Debug|Any CPU
		{4FF72B2E-61D2-422B-8C1D-5E354A3D8CEE}.Release|Any CPU.ActiveCfg = Release|Any CPU
		{4FF72B2E-61D2-422B-8C1D-5E354A3D8CEE}.Release|Any CPU.Build.0 = Release|Any CPU
	EndGlobalSection
	GlobalSection(SolutionProperties) = preSolution
		HideSolutionNode = FALSE
	EndGlobalSection
	GlobalSection(ExtensibilityGlobals) = postSolution
		SolutionGuid = {E5B7467A-79BA-4A22-A562-53E31AE71EC5}
	EndGlobalSection
EndGlobal
